
Microsoft Visual Studio Solution File, Format Version 12.00
# Visual Studio Version 17
VisualStudioVersion = 17.10.35027.167
MinimumVisualStudioVersion = 10.0.40219.1
Project("{8BC9CEB8-8B4A-11D0-8D11-00A0C91BC942}") = "1_14-citiri-scrieri-c", "01-elemente-de-baza\1_14-citiri-scrieri-c\1_14-citiri-scrieri-c.vcxproj", "{D524A0C3-D729-4291-AB19-E0EADDE1AD8E}"
EndProject
Project("{8BC9CEB8-8B4A-11D0-8D11-00A0C91BC942}") = "1_13-citiri-scrieri-cpp", "01-elemente-de-baza\1_13-citiri-scrieri-cpp\1_13-citiri-scrieri-cpp.vcxproj", "{ED675C2E-3153-482E-AA91-1E964F62BE1B}"
EndProject
Project("{8BC9CEB8-8B4A-11D0-8D11-00A0C91BC942}") = "1_15-expresii", "1_15-expresii\1_15-expresii.vcxproj", "{20CEFBB1-9F21-4294-981D-68D4A9FCAAF7}"
EndProject
Project("{8BC9CEB8-8B4A-11D0-8D11-00A0C91BC942}") = "1_16_01-disc", "1_16_01-disc\1_16_01-disc.vcxproj", "{1FCF9408-5F36-4698-AFEF-9B3F70A79878}"
EndProject
Project("{8BC9CEB8-8B4A-11D0-8D11-00A0C91BC942}") = "1_16_02-compus-chimic", "1_16_02-compus-chimic\1_16_02-compus-chimic.vcxproj", "{B7915E24-2F6A-4486-863B-38131EA10804}"
EndProject
Global
	GlobalSection(SolutionConfigurationPlatforms) = preSolution
		Debug|x64 = Debug|x64
		Debug|x86 = Debug|x86
		Release|x64 = Release|x64
		Release|x86 = Release|x86
	EndGlobalSection
	GlobalSection(ProjectConfigurationPlatforms) = postSolution
		{D524A0C3-D729-4291-AB19-E0EADDE1AD8E}.Debug|x64.ActiveCfg = Debug|x64
		{D524A0C3-D729-4291-AB19-E0EADDE1AD8E}.Debug|x64.Build.0 = Debug|x64
		{D524A0C3-D729-4291-AB19-E0EADDE1AD8E}.Debug|x86.ActiveCfg = Debug|Win32
		{D524A0C3-D729-4291-AB19-E0EADDE1AD8E}.Debug|x86.Build.0 = Debug|Win32
		{D524A0C3-D729-4291-AB19-E0EADDE1AD8E}.Release|x64.ActiveCfg = Release|x64
		{D524A0C3-D729-4291-AB19-E0EADDE1AD8E}.Release|x64.Build.0 = Release|x64
		{D524A0C3-D729-4291-AB19-E0EADDE1AD8E}.Release|x86.ActiveCfg = Release|Win32
		{D524A0C3-D729-4291-AB19-E0EADDE1AD8E}.Release|x86.Build.0 = Release|Win32
		{ED675C2E-3153-482E-AA91-1E964F62BE1B}.Debug|x64.ActiveCfg = Debug|x64
		{ED675C2E-3153-482E-AA91-1E964F62BE1B}.Debug|x64.Build.0 = Debug|x64
		{ED675C2E-3153-482E-AA91-1E964F62BE1B}.Debug|x86.ActiveCfg = Debug|Win32
		{ED675C2E-3153-482E-AA91-1E964F62BE1B}.Debug|x86.Build.0 = Debug|Win32
		{ED675C2E-3153-482E-AA91-1E964F62BE1B}.Release|x64.ActiveCfg = Release|x64
		{ED675C2E-3153-482E-AA91-1E964F62BE1B}.Release|x64.Build.0 = Release|x64
		{ED675C2E-3153-482E-AA91-1E964F62BE1B}.Release|x86.ActiveCfg = Release|Win32
		{ED675C2E-3153-482E-AA91-1E964F62BE1B}.Release|x86.Build.0 = Release|Win32
		{20CEFBB1-9F21-4294-981D-68D4A9FCAAF7}.Debug|x64.ActiveCfg = Debug|x64
		{20CEFBB1-9F21-4294-981D-68D4A9FCAAF7}.Debug|x64.Build.0 = Debug|x64
		{20CEFBB1-9F21-4294-981D-68D4A9FCAAF7}.Debug|x86.ActiveCfg = Debug|Win32
		{20CEFBB1-9F21-4294-981D-68D4A9FCAAF7}.Debug|x86.Build.0 = Debug|Win32
		{20CEFBB1-9F21-4294-981D-68D4A9FCAAF7}.Release|x64.ActiveCfg = Release|x64
		{20CEFBB1-9F21-4294-981D-68D4A9FCAAF7}.Release|x64.Build.0 = Release|x64
		{20CEFBB1-9F21-4294-981D-68D4A9FCAAF7}.Release|x86.ActiveCfg = Release|Win32
		{20CEFBB1-9F21-4294-981D-68D4A9FCAAF7}.Release|x86.Build.0 = Release|Win32
		{1FCF9408-5F36-4698-AFEF-9B3F70A79878}.Debug|x64.ActiveCfg = Debug|x64
		{1FCF9408-5F36-4698-AFEF-9B3F70A79878}.Debug|x64.Build.0 = Debug|x64
		{1FCF9408-5F36-4698-AFEF-9B3F70A79878}.Debug|x86.ActiveCfg = Debug|Win32
		{1FCF9408-5F36-4698-AFEF-9B3F70A79878}.Debug|x86.Build.0 = Debug|Win32
		{1FCF9408-5F36-4698-AFEF-9B3F70A79878}.Release|x64.ActiveCfg = Release|x64
		{1FCF9408-5F36-4698-AFEF-9B3F70A79878}.Release|x64.Build.0 = Release|x64
		{1FCF9408-5F36-4698-AFEF-9B3F70A79878}.Release|x86.ActiveCfg = Release|Win32
		{1FCF9408-5F36-4698-AFEF-9B3F70A79878}.Release|x86.Build.0 = Release|Win32
		{B7915E24-2F6A-4486-863B-38131EA10804}.Debug|x64.ActiveCfg = Debug|x64
		{B7915E24-2F6A-4486-863B-38131EA10804}.Debug|x64.Build.0 = Debug|x64
		{B7915E24-2F6A-4486-863B-38131EA10804}.Debug|x86.ActiveCfg = Debug|Win32
		{B7915E24-2F6A-4486-863B-38131EA10804}.Debug|x86.Build.0 = Debug|Win32
		{B7915E24-2F6A-4486-863B-38131EA10804}.Release|x64.ActiveCfg = Release|x64
		{B7915E24-2F6A-4486-863B-38131EA10804}.Release|x64.Build.0 = Release|x64
		{B7915E24-2F6A-4486-863B-38131EA10804}.Release|x86.ActiveCfg = Release|Win32
		{B7915E24-2F6A-4486-863B-38131EA10804}.Release|x86.Build.0 = Release|Win32
	EndGlobalSection
	GlobalSection(SolutionProperties) = preSolution
		HideSolutionNode = FALSE
	EndGlobalSection
	GlobalSection(ExtensibilityGlobals) = postSolution
		SolutionGuid = {B71088D9-308A-4845-819D-D4BB215251E2}
	EndGlobalSection
EndGlobal
